Microsoft Visual Studio Solution File, Format Version 9.00
# Visual Studio 2005
Project("{FAE04EC0-301F-11D3-BF4B-00C04F79EFBC}") = "DXExample.Module", "DXExample.Module\DXExample.Module.csproj", "{75CB5CB7-FC1A-4B47-9BD1-F0111316CE29}"
	ProjectSection(WebsiteProperties) = preProject
		Debug.AspNetCompiler.Debug = "True"
		Release.AspNetCompiler.Debug = "False"
	EndProjectSection
EndProject
Project("{FAE04EC0-301F-11D3-BF4B-00C04F79EFBC}") = "DXExample.Module.Win", "DXExample.Module.Win\DXExample.Module.Win.csproj", "{36688237-1C01-43A7-9054-631E2E4B3EB8}"
	ProjectSection(WebsiteProperties) = preProject
		Debug.AspNetCompiler.Debug = "True"
		Release.AspNetCompiler.Debug = "False"
	EndProjectSection
EndProject
Project("{FAE04EC0-301F-11D3-BF4B-00C04F79EFBC}") = "DXExample.Win", "DXExample.Win\DXExample.Win.csproj", "{BCAF409F-F827-4B2B-973C-F0568A09959D}"
	ProjectSection(WebsiteProperties) = preProject
		Debug.AspNetCompiler.Debug = "True"
		Release.AspNetCompiler.Debug = "False"
	EndProjectSection
EndProject
Global
	GlobalSection(SolutionConfigurationPlatforms) = preSolution
		Debug|Any CPU = Debug|Any CPU
		Release|Any CPU = Release|Any CPU
	EndGlobalSection
	GlobalSection(ProjectConfigurationPlatforms) = postSolution
		{75CB5CB7-FC1A-4B47-9BD1-F0111316CE29}.Debug|Any CPU.ActiveCfg = Debug|Any CPU
		{75CB5CB7-FC1A-4B47-9BD1-F0111316CE29}.Debug|Any CPU.Build.0 = Debug|Any CPU
		{75CB5CB7-FC1A-4B47-9BD1-F0111316CE29}.Release|Any CPU.ActiveCfg = Release|Any CPU
		{75CB5CB7-FC1A-4B47-9BD1-F0111316CE29}.Release|Any CPU.Build.0 = Release|Any CPU
		{36688237-1C01-43A7-9054-631E2E4B3EB8}.Debug|Any CPU.ActiveCfg = Debug|Any CPU
		{36688237-1C01-43A7-9054-631E2E4B3EB8}.Debug|Any CPU.Build.0 = Debug|Any CPU
		{36688237-1C01-43A7-9054-631E2E4B3EB8}.Release|Any CPU.ActiveCfg = Release|Any CPU
		{36688237-1C01-43A7-9054-631E2E4B3EB8}.Release|Any CPU.Build.0 = Release|Any CPU
		{BCAF409F-F827-4B2B-973C-F0568A09959D}.Debug|Any CPU.ActiveCfg = Debug|Any CPU
		{BCAF409F-F827-4B2B-973C-F0568A09959D}.Debug|Any CPU.Build.0 = Debug|Any CPU
		{BCAF409F-F827-4B2B-973C-F0568A09959D}.Release|Any CPU.ActiveCfg = Release|Any CPU
		{BCAF409F-F827-4B2B-973C-F0568A09959D}.Release|Any CPU.Build.0 = Release|Any CPU
	EndGlobalSection
	GlobalSection(SolutionProperties) = preSolution
		HideSolutionNode = FALSE
	EndGlobalSection
EndGlobal
